#!r6rs ; -*- mode: scheme; coding: utf-8 -*-
;; This file is automatically generated - do not change it by hand.
(import (akku format lockfile))
(projects
  ((name "chez-srfi")
    (location
      (url "https://archive.akkuscm.org/archive/pkg/c/chez-srfi_0.0.0-akku.244.b424440_repack.tar.xz"))
    (content
      (sha256
        "f4968e3d74c30d98297aaff3753b11225de45f99795cc2e3f6233e93f46d7c41")))
  ((name "nanopass")
    (location
      (url "https://archive.akkuscm.org/archive/pkg/n/nanopass_1.9.2_repack.tar.xz"))
    (content
      (sha256
        "94d5fc588b8939c73a5a57ccc372bcded8ba27287190298ac02ef5d2587bc67a")))
  ((name "srfi-180")
    (location
      (url "https://archive.akkuscm.org/archive/pkg/s/srfi-180_1.0.0-alpha.0_repack.tar.xz"))
    (content
      (sha256
        "7a4682649ad97ffdca566b9e0736c67c7fcb7b3347887fbcf07ec19c7ff2c233"))))
